
Microsoft Visual Studio Solution File, Format Version 12.00
# Visual Studio Version 16
VisualStudioVersion = 16.0.32602.291
MinimumVisualStudioVersion = 10.0.40219.1
Project("{FAE04EC0-301F-11D3-BF4B-00C04F79EFBC}") = "HotelReservas.API", "HotelReservas.API.csproj", "{FBF8AE2F-4E38-480B-A3B6-91E76344D4D4}"
EndProject
Project("{FAE04EC0-301F-11D3-BF4B-00C04F79EFBC}") = "HotelReservas.Domain", "..\HotelReservas.Domain\HotelReservas.Domain.csproj", "{72D68A91-E655-481F-912D-962DC2B996F9}"
EndProject
Project("{FAE04EC0-301F-11D3-BF4B-00C04F79EFBC}") = "HotelReservas.Common", "..\HotelReservas.Common\HotelReservas.Common.csproj", "{FA794B25-00A1-41A8-8C38-9CC8C8EFC166}"
EndProject
Global
	GlobalSection(SolutionConfigurationPlatforms) = preSolution
		Debug|Any CPU = Debug|Any CPU
		Release|Any CPU = Release|Any CPU
	EndGlobalSection
	GlobalSection(ProjectConfigurationPlatforms) = postSolution
		{FBF8AE2F-4E38-480B-A3B6-91E76344D4D4}.Debug|Any CPU.ActiveCfg = Debug|Any CPU
		{FBF8AE2F-4E38-480B-A3B6-91E76344D4D4}.Debug|Any CPU.Build.0 = Debug|Any CPU
		{FBF8AE2F-4E38-480B-A3B6-91E76344D4D4}.Release|Any CPU.ActiveCfg = Release|Any CPU
		{FBF8AE2F-4E38-480B-A3B6-91E76344D4D4}.Release|Any CPU.Build.0 = Release|Any CPU
		{72D68A91-E655-481F-912D-962DC2B996F9}.Debug|Any CPU.ActiveCfg = Debug|Any CPU
		{72D68A91-E655-481F-912D-962DC2B996F9}.Debug|Any CPU.Build.0 = Debug|Any CPU
		{72D68A91-E655-481F-912D-962DC2B996F9}.Release|Any CPU.ActiveCfg = Release|Any CPU
		{72D68A91-E655-481F-912D-962DC2B996F9}.Release|Any CPU.Build.0 = Release|Any CPU
		{FA794B25-00A1-41A8-8C38-9CC8C8EFC166}.Debug|Any CPU.ActiveCfg = Debug|Any CPU
		{FA794B25-00A1-41A8-8C38-9CC8C8EFC166}.Debug|Any CPU.Build.0 = Debug|Any CPU
		{FA794B25-00A1-41A8-8C38-9CC8C8EFC166}.Release|Any CPU.ActiveCfg = Release|Any CPU
		{FA794B25-00A1-41A8-8C38-9CC8C8EFC166}.Release|Any CPU.Build.0 = Release|Any CPU
	EndGlobalSection
	GlobalSection(SolutionProperties) = preSolution
		HideSolutionNode = FALSE
	EndGlobalSection
	GlobalSection(ExtensibilityGlobals) = postSolution
		SolutionGuid = {7694971B-12C9-4649-82D4-1A1B5533DC0B}
	EndGlobalSection
EndGlobal
